
Microsoft Visual Studio Solution File, Format Version 12.00
# Visual Studio Version 16
VisualStudioVersion = 16.0.30804.86
MinimumVisualStudioVersion = 10.0.40219.1
Project("{F2A71F9B-5D33-465A-A702-920D77279786}") = "igp", "igp\igp.fsproj", "{5C002580-9B55-4717-9862-53B7A934CC17}"
EndProject
Global
	GlobalSection(SolutionConfigurationPlatforms) = preSolution
		Debug|Any CPU = Debug|Any CPU
		Release|Any CPU = Release|Any CPU
	EndGlobalSection
	GlobalSection(ProjectConfigurationPlatforms) = postSolution
		{5C002580-9B55-4717-9862-53B7A934CC17}.Debug|Any CPU.ActiveCfg = Debug|Any CPU
		{5C002580-9B55-4717-9862-53B7A934CC17}.Debug|Any CPU.Build.0 = Debug|Any CPU
		{5C002580-9B55-4717-9862-53B7A934CC17}.Release|Any CPU.ActiveCfg = Release|Any CPU
		{5C002580-9B55-4717-9862-53B7A934CC17}.Release|Any CPU.Build.0 = Release|Any CPU
	EndGlobalSection
	GlobalSection(SolutionProperties) = preSolution
		HideSolutionNode = FALSE
	EndGlobalSection
	GlobalSection(ExtensibilityGlobals) = postSolution
		SolutionGuid = {A13D0CCD-4A29-41AB-AF09-BFF7D7CA6000}
	EndGlobalSection
EndGlobal
